Microsoft Visual Studio Solution File, Format Version 12.00
# Visual Studio Version 17
VisualStudioVersion = 17.5.2.0
MinimumVisualStudioVersion = 10.0.40219.1
Project("{FAE04EC0-301F-11D3-BF4B-00C04F79EFBC}") = "BriefingApp", "BriefingApp.csproj", "{0F535FF2-8525-DBD9-79A5-E73AC98909A6}"
EndProject
Global
	GlobalSection(SolutionConfigurationPlatforms) = preSolution
		Debug|Any CPU = Debug|Any CPU
		Release|Any CPU = Release|Any CPU
	EndGlobalSection
	GlobalSection(ProjectConfigurationPlatforms) = postSolution
		{0F535FF2-8525-DBD9-79A5-E73AC98909A6}.Debug|Any CPU.ActiveCfg = Debug|Any CPU
		{0F535FF2-8525-DBD9-79A5-E73AC98909A6}.Debug|Any CPU.Build.0 = Debug|Any CPU
		{0F535FF2-8525-DBD9-79A5-E73AC98909A6}.Release|Any CPU.ActiveCfg = Release|Any CPU
		{0F535FF2-8525-DBD9-79A5-E73AC98909A6}.Release|Any CPU.Build.0 = Release|Any CPU
	EndGlobalSection
	GlobalSection(SolutionProperties) = preSolution
		HideSolutionNode = FALSE
	EndGlobalSection
	GlobalSection(ExtensibilityGlobals) = postSolution
		SolutionGuid = {5AA90239-B6D5-4D44-B6E8-7C3DC50C3D29}
	EndGlobalSection
EndGlobal
